
Microsoft Visual Studio Solution File, Format Version 12.00
# Visual Studio 14
VisualStudioVersion = 14.0.25420.1
MinimumVisualStudioVersion = 10.0.40219.1
Project("{FAE04EC0-301F-11D3-BF4B-00C04F79EFBC}") = "NHAXE", "NHAXE\NHAXE.csproj", "{C5F35CEE-6803-4988-9003-A3E7D03E54D7}"
EndProject
Project("{FAE04EC0-301F-11D3-BF4B-00C04F79EFBC}") = "Models", "Models\Models.csproj", "{4D9CF732-24ED-4285-AFD0-E47D339CF2CB}"
EndProject
Global
	GlobalSection(SolutionConfigurationPlatforms) = preSolution
		Debug|Any CPU = Debug|Any CPU
		Release|Any CPU = Release|Any CPU
	EndGlobalSection
	GlobalSection(ProjectConfigurationPlatforms) = postSolution
		{C5F35CEE-6803-4988-9003-A3E7D03E54D7}.Debug|Any CPU.ActiveCfg = Debug|Any CPU
		{C5F35CEE-6803-4988-9003-A3E7D03E54D7}.Debug|Any CPU.Build.0 = Debug|Any CPU
		{C5F35CEE-6803-4988-9003-A3E7D03E54D7}.Release|Any CPU.ActiveCfg = Release|Any CPU
		{C5F35CEE-6803-4988-9003-A3E7D03E54D7}.Release|Any CPU.Build.0 = Release|Any CPU
		{4D9CF732-24ED-4285-AFD0-E47D339CF2CB}.Debug|Any CPU.ActiveCfg = Debug|Any CPU
		{4D9CF732-24ED-4285-AFD0-E47D339CF2CB}.Debug|Any CPU.Build.0 = Debug|Any CPU
		{4D9CF732-24ED-4285-AFD0-E47D339CF2CB}.Release|Any CPU.ActiveCfg = Release|Any CPU
		{4D9CF732-24ED-4285-AFD0-E47D339CF2CB}.Release|Any CPU.Build.0 = Release|Any CPU
	EndGlobalSection
	GlobalSection(SolutionProperties) = preSolution
		HideSolutionNode = FALSE
	EndGlobalSection
EndGlobal
